// !$*UTF8*$!
{
	archiveVersion = 1;
	classes = {
	};
	objectVersion = 46;
	objects = {

/* Begin PBXBuildFile section */
		0943F4941C3B266C0083EF3C /* Reusable.swift in Sources */ = {isa = PBXBuildFile; fileRef = 0943F4931C3B266C0083EF3C /* Reusable.swift */; };
		0969CE301C1C4FB000E3FA08 /* AppDelegate.swift in Sources */ = {isa = PBXBuildFile; fileRef = 0969CE2F1C1C4FB000E3FA08 /* AppDelegate.swift */; };
		0969CE321C1C4FB000E3FA08 /* ViewController.swift in Sources */ = {isa = PBXBuildFile; fileRef = 0969CE311C1C4FB000E3FA08 /* ViewController.swift */; };
		0969CE351C1C4FB000E3FA08 /* Main.storyboard in Resources */ = {isa = PBXBuildFile; fileRef = 0969CE331C1C4FB000E3FA08 /* Main.storyboard */; };
		0969CE371C1C4FB000E3FA08 /* Assets.xcassets in Resources */ = {isa = PBXBuildFile; fileRef = 0969CE361C1C4FB000E3FA08 /* Assets.xcassets */; };
		0969CE3A1C1C4FB000E3FA08 /* LaunchScreen.storyboard in Resources */ = {isa = PBXBuildFile; fileRef = 0969CE381C1C4FB000E3FA08 /* LaunchScreen.storyboard */; };
		0969CE421C1C4FCE00E3FA08 /* FormEntry.swift in Sources */ = {isa = PBXBuildFile; fileRef = 0969CE411C1C4FCE00E3FA08 /* FormEntry.swift */; };
		0969CE441C1C5B0A00E3FA08 /* FormViewController.swift in Sources */ = {isa = PBXBuildFile; fileRef = 0969CE431C1C5B0A00E3FA08 /* FormViewController.swift */; };
		0969CE461C1C5DBD00E3FA08 /* FormCells.swift in Sources */ = {isa = PBXBuildFile; fileRef = 0969CE451C1C5DBD00E3FA08 /* FormCells.swift */; };
		09D5F2321C3C593000FC04D9 /* Workflow.swift in Sources */ = {isa = PBXBuildFile; fileRef = 09D5F2311C3C593000FC04D9 /* Workflow.swift */; };
		EBDA39CFCB2B18481D114617 /* Pods_FormWorkflow.framework in Frameworks */ = {isa = PBXBuildFile; fileRef = 99E749BA71303935073E33CB /* Pods_FormWorkflow.framework */; };
/* End PBXBuildFile section */

/* Begin PBXFileReference section */
		0943F4931C3B266C0083EF3C /* Reusable.swift */ = {isa = PBXFileReference; fileEncoding = 4; lastKnownFileType = sourcecode.swift; path = Reusable.swift; sourceTree = "<group>"; };
		0969CE2C1C1C4FB000E3FA08 /* FormWorkflow.app */ = {isa = PBXFileReference; explicitFileType = wrapper.application; includeInIndex = 0; path = FormWorkflow.app; sourceTree = BUILT_PRODUCTS_DIR; };
		0969CE2F1C1C4FB000E3FA08 /* AppDelegate.swift */ = {isa = PBXFileReference; lastKnownFileType = sourcecode.swift; path = AppDelegate.swift; sourceTree = "<group>"; };
		0969CE311C1C4FB000E3FA08 /* ViewController.swift */ = {isa = PBXFileReference; lastKnownFileType = sourcecode.swift; path = ViewController.swift; sourceTree = "<group>"; };
		0969CE341C1C4FB000E3FA08 /* Base */ = {isa = PBXFileReference; lastKnownFileType = file.storyboard; name = Base; path = Base.lproj/Main.storyboard; sourceTree = "<group>"; };
		0969CE361C1C4FB000E3FA08 /* Assets.xcassets */ = {isa = PBXFileReference; lastKnownFileType = folder.assetcatalog; path = Assets.xcassets; sourceTree = "<group>"; };
		0969CE391C1C4FB000E3FA08 /* Base */ = {isa = PBXFileReference; lastKnownFileType = file.storyboard; name = Base; path = Base.lproj/LaunchScreen.storyboard; sourceTree = "<group>"; };
		0969CE3B1C1C4FB000E3FA08 /* Info.plist */ = {isa = PBXFileReference; lastKnownFileType = text.plist.xml; path = Info.plist; sourceTree = "<group>"; };
		0969CE411C1C4FCE00E3FA08 /* FormEntry.swift */ = {isa = PBXFileReference; fileEncoding = 4; lastKnownFileType = sourcecode.swift; path = FormEntry.swift; sourceTree = "<group>"; };
		0969CE431C1C5B0A00E3FA08 /* FormViewController.swift */ = {isa = PBXFileReference; fileEncoding = 4; lastKnownFileType = sourcecode.swift; path = FormViewController.swift; sourceTree = "<group>"; };
		0969CE451C1C5DBD00E3FA08 /* FormCells.swift */ = {isa = PBXFileReference; fileEncoding = 4; lastKnownFileType = sourcecode.swift; path = FormCells.swift; sourceTree = "<group>"; };
		09D5F2311C3C593000FC04D9 /* Workflow.swift */ = {isa = PBXFileReference; fileEncoding = 4; lastKnownFileType = sourcecode.swift; path = Workflow.swift; sourceTree = "<group>"; };
		2AA198F88E336F93A4039B43 /* Pods-FormWorkflow.release.xcconfig */ = {isa = PBXFileReference; includeInIndex = 1; lastKnownFileType = text.xcconfig; name = "Pods-FormWorkflow.release.xcconfig"; path = "Pods/Target Support Files/Pods-FormWorkflow/Pods-FormWorkflow.release.xcconfig"; sourceTree = "<group>"; };
		99E749BA71303935073E33CB /* Pods_FormWorkflow.framework */ = {isa = PBXFileReference; explicitFileType = wrapper.framework; includeInIndex = 0; path = Pods_FormWorkflow.framework; sourceTree = BUILT_PRODUCTS_DIR; };
		FD92B1292DE9C1BEE19A4691 /* Pods-FormWorkflow.debug.xcconfig */ = {isa = PBXFileReference; includeInIndex = 1; lastKnownFileType = text.xcconfig; name = "Pods-FormWorkflow.debug.xcconfig"; path = "Pods/Target Support Files/Pods-FormWorkflow/Pods-FormWorkflow.debug.xcconfig"; sourceTree = "<group>"; };
/* End PBXFileReference section */

/* Begin PBXFrameworksBuildPhase section */
		0969CE291C1C4FB000E3FA08 /* Frameworks */ = {
			isa = PBXFrameworksBuildPhase;
			buildActionMask = 2147483647;
			files = (
				EBDA39CFCB2B18481D114617 /* Pods_FormWorkflow.framework in Frameworks */,
			);
			runOnlyForDeploymentPostprocessing = 0;
		};
/* End PBXFrameworksBuildPhase section */

/* Begin PBXGroup section */
		0943F4951C3B320F0083EF3C /* SupportingFiles */ = {
			isa = PBXGroup;
			children = (
				0969CE331C1C4FB000E3FA08 /* Main.storyboard */,
				0969CE361C1C4FB000E3FA08 /* Assets.xcassets */,
				0969CE381C1C4FB000E3FA08 /* LaunchScreen.storyboard */,
				0969CE3B1C1C4FB000E3FA08 /* Info.plist */,
			);
			name = SupportingFiles;
			sourceTree = "<group>";
		};
		0943F4961C3B326B0083EF3C /* GenericForm */ = {
			isa = PBXGroup;
			children = (
				0969CE411C1C4FCE00E3FA08 /* FormEntry.swift */,
				0943F4931C3B266C0083EF3C /* Reusable.swift */,
				0969CE451C1C5DBD00E3FA08 /* FormCells.swift */,
				0969CE431C1C5B0A00E3FA08 /* FormViewController.swift */,
			);
			name = GenericForm;
			sourceTree = "<group>";
		};
		0969CE231C1C4FB000E3FA08 = {
			isa = PBXGroup;
			children = (
				0969CE2E1C1C4FB000E3FA08 /* FormWorkflow */,
				0969CE2D1C1C4FB000E3FA08 /* Products */,
				D81A98564B09DA9EDF172B77 /* Pods */,
				E46E7E255FB06BDB5D264CA1 /* Frameworks */,
			);
			sourceTree = "<group>";
		};
		0969CE2D1C1C4FB000E3FA08 /* Products */ = {
			isa = PBXGroup;
			children = (
				0969CE2C1C1C4FB000E3FA08 /* FormWorkflow.app */,
			);
			name = Products;
			sourceTree = "<group>";
		};
		0969CE2E1C1C4FB000E3FA08 /* FormWorkflow */ = {
			isa = PBXGroup;
			children = (
				0969CE2F1C1C4FB000E3FA08 /* AppDelegate.swift */,
				0969CE311C1C4FB000E3FA08 /* ViewController.swift */,
				09D5F2311C3C593000FC04D9 /* Workflow.swift */,
				0943F4961C3B326B0083EF3C /* GenericForm */,
				0943F4951C3B320F0083EF3C /* SupportingFiles */,
			);
			path = FormWorkflow;
			sourceTree = "<group>";
		};
		D81A98564B09DA9EDF172B77 /* Pods */ = {
			isa = PBXGroup;
			children = (
				FD92B1292DE9C1BEE19A4691 /* Pods-FormWorkflow.debug.xcconfig */,
				2AA198F88E336F93A4039B43 /* Pods-FormWorkflow.release.xcconfig */,
			);
			name = Pods;
			sourceTree = "<group>";
		};
		E46E7E255FB06BDB5D264CA1 /* Frameworks */ = {
			isa = PBXGroup;
			children = (
				99E749BA71303935073E33CB /* Pods_FormWorkflow.framework */,
			);
			name = Frameworks;
			sourceTree = "<group>";
		};
/* End PBXGroup section */

/* Begin PBXNativeTarget section */
		0969CE2B1C1C4FB000E3FA08 /* FormWorkflow */ = {
			isa = PBXNativeTarget;
			buildConfigurationList = 0969CE3E1C1C4FB000E3FA08 /* Build configuration list for PBXNativeTarget "FormWorkflow" */;
			buildPhases = (
				2CBFB2F769B602C3EFE00E63 /* Check Pods Manifest.lock */,
				0969CE281C1C4FB000E3FA08 /* Sources */,
				0969CE291C1C4FB000E3FA08 /* Frameworks */,
				0969CE2A1C1C4FB000E3FA08 /* Resources */,
				ADCF3D9B6E70AF5486C20E79 /* Embed Pods Frameworks */,
				6766E4C2518F66F256FEE80B /* Copy Pods Resources */,
			);
			buildRules = (
			);
			dependencies = (
			);
			name = FormWorkflow;
			productName = FormWorkflow;
			productReference = 0969CE2C1C1C4FB000E3FA08 /* FormWorkflow.app */;
			productType = "com.apple.product-type.application";
		};
/* End PBXNativeTarget section */

/* Begin PBXProject section */
		0969CE241C1C4FB000E3FA08 /* Project object */ = {
			isa = PBXProject;
			attributes = {
				LastSwiftUpdateCheck = 0710;
				LastUpgradeCheck = 0710;
				ORGANIZATIONNAME = AliSoftware;
				TargetAttributes = {
					0969CE2B1C1C4FB000E3FA08 = {
						CreatedOnToolsVersion = 7.1.1;
					};
				};
			};
			buildConfigurationList = 0969CE271C1C4FB000E3FA08 /* Build configuration list for PBXProject "FormWorkflow" */;
			compatibilityVersion = "Xcode 3.2";
			developmentRegion = English;
			hasScannedForEncodings = 0;
			knownRegions = (
				en,
				Base,
			);
			mainGroup = 0969CE231C1C4FB000E3FA08;
			productRefGroup = 0969CE2D1C1C4FB000E3FA08 /* Products */;
			projectDirPath = "";
			projectRoot = "";
			targets = (
				0969CE2B1C1C4FB000E3FA08 /* FormWorkflow */,
			);
		};
/* End PBXProject section */

/* Begin PBXResourcesBuildPhase section */
		0969CE2A1C1C4FB000E3FA08 /* Resources */ = {
			isa = PBXResourcesBuildPhase;
			buildActionMask = 2147483647;
			files = (
				0969CE3A1C1C4FB000E3FA08 /* LaunchScreen.storyboard in Resources */,
				0969CE371C1C4FB000E3FA08 /* Assets.xcassets in Resources */,
				0969CE351C1C4FB000E3FA08 /* Main.storyboard in Resources */,
			);
			runOnlyForDeploymentPostprocessing = 0;
		};
/* End PBXResourcesBuildPhase section */

/* Begin PBXShellScriptBuildPhase section */
		2CBFB2F769B602C3EFE00E63 /* Check Pods Manifest.lock */ = {
			isa = PBXShellScriptBuildPhase;
			buildActionMask = 2147483647;
			files = (
			);
			inputPaths = (
			);
			name = "Check Pods Manifest.lock";
			outputPaths = (
			);
			runOnlyForDeploymentPostprocessing = 0;
			shellPath = /bin/sh;
			shellScript = "diff \"${PODS_ROOT}/../Podfile.lock\" \"${PODS_ROOT}/Manifest.lock\" > /dev/null\nif [[ $? != 0 ]] ; then\n    cat << EOM\nerror: The sandbox is not in sync with the Podfile.lock. Run 'pod install' or update your CocoaPods installation.\nEOM\n    exit 1\nfi\n";
			showEnvVarsInLog = 0;
		};
		6766E4C2518F66F256FEE80B /* Copy Pods Resources */ = {
			isa = PBXShellScriptBuildPhase;
			buildActionMask = 2147483647;
			files = (
			);
			inputPaths = (
			);
			name = "Copy Pods Resources";
			outputPaths = (
			);
			runOnlyForDeploymentPostprocessing = 0;
			shellPath = /bin/sh;
			shellScript = "\"${SRCROOT}/Pods/Target Support Files/Pods-FormWorkflow/Pods-FormWorkflow-resources.sh\"\n";
			showEnvVarsInLog = 0;
		};
		ADCF3D9B6E70AF5486C20E79 /* Embed Pods Frameworks */ = {
			isa = PBXShellScriptBuildPhase;
			buildActionMask = 2147483647;
			files = (
			);
			inputPaths = (
			);
			name = "Embed Pods Frameworks";
			outputPaths = (
			);
			runOnlyForDeploymentPostprocessing = 0;
			shellPath = /bin/sh;
			shellScript = "\"${SRCROOT}/Pods/Target Support Files/Pods-FormWorkflow/Pods-FormWorkflow-frameworks.sh\"\n";
			showEnvVarsInLog = 0;
		};
/* End PBXShellScriptBuildPhase section */

/* Begin PBXSourcesBuildPhase section */
		0969CE281C1C4FB000E3FA08 /* Sources */ = {
			isa = PBXSourcesBuildPhase;
			buildActionMask = 2147483647;
			files = (
				0943F4941C3B266C0083EF3C /* Reusable.swift in Sources */,
				0969CE321C1C4FB000E3FA08 /* ViewController.swift in Sources */,
				0969CE421C1C4FCE00E3FA08 /* FormEntry.swift in Sources */,
				09D5F2321C3C593000FC04D9 /* Workflow.swift in Sources */,
				0969CE441C1C5B0A00E3FA08 /* FormViewController.swift in Sources */,
				0969CE301C1C4FB000E3FA08 /* AppDelegate.swift in Sources */,
				0969CE461C1C5DBD00E3FA08 /* FormCells.swift in Sources */,
			);
			runOnlyForDeploymentPostprocessing = 0;
		};
/* End PBXSourcesBuildPhase section */

/* Begin PBXVariantGroup section */
		0969CE331C1C4FB000E3FA08 /* Main.storyboard */ = {
			isa = PBXVariantGroup;
			children = (
				0969CE341C1C4FB000E3FA08 /* Base */,
			);
			name = Main.storyboard;
			sourceTree = "<group>";
		};
		0969CE381C1C4FB000E3FA08 /* LaunchScreen.storyboard */ = {
			isa = PBXVariantGroup;
			children = (
				0969CE391C1C4FB000E3FA08 /* Base */,
			);
			name = LaunchScreen.storyboard;
			sourceTree = "<group>";
		};
/* End PBXVariantGroup section */

/* Begin XCBuildConfiguration section */
		0969CE3C1C1C4FB000E3FA08 /* Debug */ = {
			isa = XCBuildConfiguration;
			buildSettings = {
				ALWAYS_SEARCH_USER_PATHS = NO;
				CLANG_CXX_LANGUAGE_STANDARD = "gnu++0x";
				CLANG_CXX_LIBRARY = "libc++";
				CLANG_ENABLE_MODULES = YES;
				CLANG_ENABLE_OBJC_ARC = YES;
				CLANG_WARN_BOOL_CONVERSION = YES;
				CLANG_WARN_CONSTANT_CONVERSION = YES;
				CLANG_WARN_DIRECT_OBJC_ISA_USAGE = YES_ERROR;
				CLANG_WARN_EMPTY_BODY = YES;
				CLANG_WARN_ENUM_CONVERSION = YES;
				CLANG_WARN_INT_CONVERSION = YES;
				CLANG_WARN_OBJC_ROOT_CLASS = YES_ERROR;
				CLANG_WARN_UNREACHABLE_CODE = YES;
				CLANG_WARN__DUPLICATE_METHOD_MATCH = YES;
				"CODE_SIGN_IDENTITY[sdk=iphoneos*]" = "iPhone Developer";
				COPY_PHASE_STRIP = NO;
				DEBUG_INFORMATION_FORMAT = dwarf;
				ENABLE_STRICT_OBJC_MSGSEND = YES;
				ENABLE_TESTABILITY = YES;
				GCC_C_LANGUAGE_STANDARD = gnu99;
				GCC_DYNAMIC_NO_PIC = NO;
				GCC_NO_COMMON_BLOCKS = YES;
				GCC_OPTIMIZATION_LEVEL = 0;
				GCC_PREPROCESSOR_DEFINITIONS = (
					"DEBUG=1",
					"$(inherited)",
				);
				GCC_WARN_64_TO_32_BIT_CONVERSION = YES;
				GCC_WARN_ABOUT_RETURN_TYPE = YES_ERROR;
				GCC_WARN_UNDECLARED_SELECTOR = YES;
				GCC_WARN_UNINITIALIZED_AUTOS = YES_AGGRESSIVE;
				GCC_WARN_UNUSED_FUNCTION = YES;
				GCC_WARN_UNUSED_VARIABLE = YES;
				IPHONEOS_DEPLOYMENT_TARGET = 9.1;
				MTL_ENABLE_DEBUG_INFO = YES;
				ONLY_ACTIVE_ARCH = YES;
				SDKROOT = iphoneos;
				SWIFT_OPTIMIZATION_LEVEL = "-Onone";
				TARGETED_DEVICE_FAMILY = "1,2";
			};
			name = Debug;
		};
		0969CE3D1C1C4FB000E3FA08 /* Release */ = {
			isa = XCBuildConfiguration;
			buildSettings = {
				ALWAYS_SEARCH_USER_PATHS = NO;
				CLANG_CXX_LANGUAGE_STANDARD = "gnu++0x";
				CLANG_CXX_LIBRARY = "libc++";
				CLANG_ENABLE_MODULES = YES;
				CLANG_ENABLE_OBJC_ARC = YES;
				CLANG_WARN_BOOL_CONVERSION = YES;
				CLANG_WARN_CONSTANT_CONVERSION = YES;
				CLANG_WARN_DIRECT_OBJC_ISA_USAGE = YES_ERROR;
				CLANG_WARN_EMPTY_BODY = YES;
				CLANG_WARN_ENUM_CONVERSION = YES;
				CLANG_WARN_INT_CONVERSION = YES;
				CLANG_WARN_OBJC_ROOT_CLASS = YES_ERROR;
				CLANG_WARN_UNREACHABLE_CODE = YES;
				CLANG_WARN__DUPLICATE_METHOD_MATCH = YES;
				"CODE_SIGN_IDENTITY[sdk=iphoneos*]" = "iPhone Developer";
				COPY_PHASE_STRIP = NO;
				DEBUG_INFORMATION_FORMAT = "dwarf-with-dsym";
				ENABLE_NS_ASSERTIONS = NO;
				ENABLE_STRICT_OBJC_MSGSEND = YES;
				GCC_C_LANGUAGE_STANDARD = gnu99;
				GCC_NO_COMMON_BLOCKS = YES;
				GCC_WARN_64_TO_32_BIT_CONVERSION = YES;
				GCC_WARN_ABOUT_RETURN_TYPE = YES_ERROR;
				GCC_WARN_UNDECLARED_SELECTOR = YES;
				GCC_WARN_UNINITIALIZED_AUTOS = YES_AGGRESSIVE;
				GCC_WARN_UNUSED_FUNCTION = YES;
				GCC_WARN_UNUSED_VARIABLE = YES;
				IPHONEOS_DEPLOYMENT_TARGET = 9.1;
				MTL_ENABLE_DEBUG_INFO = NO;
				SDKROOT = iphoneos;
				TARGETED_DEVICE_FAMILY = "1,2";
				VALIDATE_PRODUCT = YES;
			};
			name = Release;
		};
		0969CE3F1C1C4FB000E3FA08 /* Debug */ = {
			isa = XCBuildConfiguration;
			baseConfigurationReference = FD92B1292DE9C1BEE19A4691 /* Pods-FormWorkflow.debug.xcconfig */;
			buildSettings = {
				ASSETCATALOG_COMPILER_APPICON_NAME = AppIcon;
				INFOPLIST_FILE = FormWorkflow/Info.plist;
				LD_RUNPATH_SEARCH_PATHS = "$(inherited) @executable_path/Frameworks";
				PRODUCT_BUNDLE_IDENTIFIER = com.alisoftware.FormWorkflow;
				PRODUCT_NAME = "$(TARGET_NAME)";
			};
			name = Debug;
		};
		0969CE401C1C4FB000E3FA08 /* Release */ = {
			isa = XCBuildConfiguration;
			baseConfigurationReference = 2AA198F88E336F93A4039B43 /* Pods-FormWorkflow.release.xcconfig */;
			buildSettings = {
				ASSETCATALOG_COMPILER_APPICON_NAME = AppIcon;
				INFOPLIST_FILE = FormWorkflow/Info.plist;
				LD_RUNPATH_SEARCH_PATHS = "$(inherited) @executable_path/Frameworks";
				PRODUCT_BUNDLE_IDENTIFIER = com.alisoftware.FormWorkflow;
				PRODUCT_NAME = "$(TARGET_NAME)";
			};
			name = Release;
		};
/* End XCBuildConfiguration section */

/* Begin XCConfigurationList section */
		0969CE271C1C4FB000E3FA08 /* Build configuration list for PBXProject "FormWorkflow" */ = {
			isa = XCConfigurationList;
			buildConfigurations = (
				0969CE3C1C1C4FB000E3FA08 /* Debug */,
				0969CE3D1C1C4FB000E3FA08 /* Release */,
			);
			defaultConfigurationIsVisible = 0;
			defaultConfigurationName = Release;
		};
		0969CE3E1C1C4FB000E3FA08 /* Build configuration list for PBXNativeTarget "FormWorkflow" */ = {
			isa = XCConfigurationList;
			buildConfigurations = (
				0969CE3F1C1C4FB000E3FA08 /* Debug */,
				0969CE401C1C4FB000E3FA08 /* Release */,
			);
			defaultConfigurationIsVisible = 0;
			defaultConfigurationName = Release;
		};
/* End XCConfigurationList section */
	};
	rootObject = 0969CE241C1C4FB000E3FA08 /* Project object */;
}
